<?xml version="1.0" encoding="utf-8"?>
<Project ToolsVersion="4.0" xmlns="http://schemas.microsoft.com/developer/msbuild/2003">
  <ItemGroup>
    <ClCompile Include="j1Window.cpp">
      <Filter>App\Modules</Filter>
    </ClCompile>
    <ClCompile Include="j1Audio.cpp">
      <Filter>App\Modules</Filter>
    </ClCompile>
    <ClCompile Include="j1Input.cpp">
      <Filter>App\Modules</Filter>
    </ClCompile>
    <ClCompile Include="j1Textures.cpp">
      <Filter>App\Modules</Filter>
    </ClCompile>
    <ClCompile Include="j1FileSystem.cpp">
      <Filter>App\Modules</Filter>
    </ClCompile>
    <ClCompile Include="PugiXml\src\pugixml.cpp">
      <Filter>App\Tools\PuguiXML</Filter>
    </ClCompile>
    <ClCompile Include="j1Timer.cpp">
      <Filter>App\Tools</Filter>
    </ClCompile>
    <ClCompile Include="j1PerfTimer.cpp">
      <Filter>App\Tools</Filter>
    </ClCompile>
    <ClCompile Include="j1Fonts.cpp">
      <Filter>App\Modules</Filter>
    </ClCompile>
    <ClCompile Include="j1Gui.cpp">
      <Filter>App\UI</Filter>
    </ClCompile>
    <ClCompile Include="UI_Button.cpp">
      <Filter>App\UI\UI_Elements</Filter>
    </ClCompile>
    <ClCompile Include="UI_Element.cpp">
      <Filter>App\UI\UI_Elements</Filter>
    </ClCompile>
    <ClCompile Include="UI_Scroll.cpp">
      <Filter>App\UI\UI_Elements</Filter>
    </ClCompile>
    <ClCompile Include="UI_String.cpp">
      <Filter>App\UI\UI_Elements</Filter>
    </ClCompile>
    <ClCompile Include="UI_Text_Box.cpp">
      <Filter>App\UI\UI_Elements</Filter>
    </ClCompile>
    <ClCompile Include="UI_Image.cpp">
      <Filter>App\UI\UI_Elements</Filter>
    </ClCompile>
    <ClCompile Include="p2Log.cpp">
      <Filter>App\Tools</Filter>
    </ClCompile>
    <ClCompile Include="j1Animator.cpp">
      <Filter>App\Modules</Filter>
    </ClCompile>
    <ClCompile Include="UI_Popup_Menu.cpp">
      <Filter>App\UI\UI_Elements</Filter>
    </ClCompile>
    <ClCompile Include="UI_Fixed_Button.cpp">
      <Filter>App\UI\UI_Elements</Filter>
    </ClCompile>
    <ClCompile Include="j1InputManager.cpp">
      <Filter>App\Modules</Filter>
    </ClCompile>
    <ClCompile Include="theoraplay.c">
      <Filter>App\Tools\Theora%28Video CODEC lib%29</Filter>
    </ClCompile>
    <ClCompile Include="j1Video.cpp">
      <Filter>App\Modules</Filter>
    </ClCompile>
    <ClCompile Include="j1EntitiesManager.cpp">
      <Filter>App\Modules\EntitiesManager</Filter>
    </ClCompile>
    <ClCompile Include="BaseEntities.cpp">
      <Filter>App\Modules\EntitiesManager</Filter>
    </ClCompile>
    <ClCompile Include="j1Physics.cpp">
      <Filter>App\Modules</Filter>
    </ClCompile>
    <ClCompile Include="j1Player.cpp">
      <Filter>App\Modules</Filter>
    </ClCompile>
    <ClCompile Include="Scene.cpp">
      <Filter>App\Scenes</Filter>
    </ClCompile>
    <ClCompile Include="MainMenu.cpp">
      <Filter>App\Scenes</Filter>
    </ClCompile>
    <ClCompile Include="Items.cpp">
      <Filter>App\Modules\EntitiesManager</Filter>
    </ClCompile>
    <ClCompile Include="UI_Scroll_Bar.cpp">
      <Filter>App\UI\UI_Elements</Filter>
    </ClCompile>
    <ClCompile Include="Tutorial.cpp">
      <Filter>App\Scenes</Filter>
    </ClCompile>
    <ClCompile Include="Creatures.cpp">
      <Filter>App\Modules\EntitiesManager</Filter>
    </ClCompile>
    <ClCompile Include="Actions.cpp">
      <Filter>App\Act_System</Filter>
    </ClCompile>
    <ClCompile Include="Worker.cpp">
      <Filter>App\Act_System</Filter>
    </ClCompile>
    <ClCompile Include="j1ParticleManager.cpp">
      <Filter>App\Modules\ParticleManager</Filter>
    </ClCompile>
    <ClCompile Include="Particles.cpp">
      <Filter>App\Modules\ParticleManager</Filter>
    </ClCompile>
    <ClCompile Include="UI_Progressive_Bar.cpp">
      <Filter>App\UI\UI_Elements</Filter>
    </ClCompile>
    <ClCompile Include="j1Render.cpp">
      <Filter>App\Modules\Render</Filter>
    </ClCompile>
    <ClCompile Include="Render_Effects.cpp">
      <Filter>App\Modules\Render</Filter>
    </ClCompile>
    <ClCompile Include="j1App.cpp">
      <Filter>App</Filter>
    </ClCompile>
    <ClCompile Include="j1Main.cpp">
      <Filter>App</Filter>
    </ClCompile>
    <ClCompile Include="Endless.cpp">
      <Filter>App\Scenes</Filter>
    </ClCompile>
  </ItemGroup>
  <ItemGroup>
    <ClInclude Include="j1Window.h">
      <Filter>App\Modules</Filter>
    </ClInclude>
    <ClInclude Include="j1Audio.h">
      <Filter>App\Modules</Filter>
    </ClInclude>
    <ClInclude Include="j1Input.h">
      <Filter>App\Modules</Filter>
    </ClInclude>
    <ClInclude Include="j1Textures.h">
      <Filter>App\Modules</Filter>
    </ClInclude>
    <ClInclude Include="j1FileSystem.h">
      <Filter>App\Modules</Filter>
    </ClInclude>
    <ClInclude Include="PugiXml\src\pugiconfig.hpp">
      <Filter>App\Tools\PuguiXML</Filter>
    </ClInclude>
    <ClInclude Include="PugiXml\src\pugixml.hpp">
      <Filter>App\Tools\PuguiXML</Filter>
    </ClInclude>
    <ClInclude Include="j1Timer.h">
      <Filter>App\Tools</Filter>
    </ClInclude>
    <ClInclude Include="j1PerfTimer.h">
      <Filter>App\Tools</Filter>
    </ClInclude>
    <ClInclude Include="j1Fonts.h">
      <Filter>App\Modules</Filter>
    </ClInclude>
    <ClInclude Include="j1Gui.h">
      <Filter>App\UI</Filter>
    </ClInclude>
    <ClInclude Include="UI_Button.h">
      <Filter>App\UI\UI_Elements</Filter>
    </ClInclude>
    <ClInclude Include="UI_Element.h">
      <Filter>App\UI\UI_Elements</Filter>
    </ClInclude>
    <ClInclude Include="UI_Scroll.h">
      <Filter>App\UI\UI_Elements</Filter>
    </ClInclude>
    <ClInclude Include="UI_String.h">
      <Filter>App\UI\UI_Elements</Filter>
    </ClInclude>
    <ClInclude Include="UI_Text_Box.h">
      <Filter>App\UI\UI_Elements</Filter>
    </ClInclude>
    <ClInclude Include="UI_Image.h">
      <Filter>App\UI\UI_Elements</Filter>
    </ClInclude>
    <ClInclude Include="p2Point.h">
      <Filter>App\Tools</Filter>
    </ClInclude>
    <ClInclude Include="p2Log.h">
      <Filter>App\Tools</Filter>
    </ClInclude>
    <ClInclude Include="p2Defs.h">
      <Filter>App\Tools</Filter>
    </ClInclude>
    <ClInclude Include="j1Animator.h">
      <Filter>App\Modules</Filter>
    </ClInclude>
    <ClInclude Include="UI_Popup_Menu.h">
      <Filter>App\UI\UI_Elements</Filter>
    </ClInclude>
    <ClInclude Include="UI_Fixed_Button.h">
      <Filter>App\UI\UI_Elements</Filter>
    </ClInclude>
    <ClInclude Include="Quadtree.h">
      <Filter>App\Tools</Filter>
    </ClInclude>
    <ClInclude Include="j1InputManager.h">
      <Filter>App\Modules</Filter>
    </ClInclude>
    <ClInclude Include="theoraplay.h">
      <Filter>App\Tools\Theora%28Video CODEC lib%29</Filter>
    </ClInclude>
    <ClInclude Include="j1Video.h">
      <Filter>App\Modules</Filter>
    </ClInclude>
    <ClInclude Include="j1EntitiesManager.h">
      <Filter>App\Modules\EntitiesManager</Filter>
    </ClInclude>
    <ClInclude Include="BaseEntities.h">
      <Filter>App\Modules\EntitiesManager</Filter>
    </ClInclude>
    <ClInclude Include="j1Physics.h">
      <Filter>App\Modules</Filter>
    </ClInclude>
    <ClInclude Include="j1Player.h">
      <Filter>App\Modules</Filter>
    </ClInclude>
    <ClInclude Include="Parallax.h">
      <Filter>App\Tools</Filter>
    </ClInclude>
    <ClInclude Include="MainMenu.h">
      <Filter>App\Scenes</Filter>
    </ClInclude>
    <ClInclude Include="Scene.h">
      <Filter>App\Scenes</Filter>
    </ClInclude>
    <ClInclude Include="UI_Scroll_Bar.h">
      <Filter>App\UI\UI_Elements</Filter>
    </ClInclude>
    <ClInclude Include="Items.h">
      <Filter>App\Modules\EntitiesManager</Filter>
    </ClInclude>
    <ClInclude Include="Creatures.h">
      <Filter>App\Modules\EntitiesManager</Filter>
    </ClInclude>
    <ClInclude Include="Tutorial.h">
      <Filter>App\Scenes</Filter>
    </ClInclude>
    <ClInclude Include="Endless.h">
      <Filter>App\Scenes</Filter>
    </ClInclude>
    <ClInclude Include="Worker.h">
      <Filter>App\Act_System</Filter>
    </ClInclude>
    <ClInclude Include="Actions.h">
      <Filter>App\Act_System</Filter>
    </ClInclude>
    <ClInclude Include="j1ParticleManager.h">
      <Filter>App\Modules\ParticleManager</Filter>
    </ClInclude>
    <ClInclude Include="Particles.h">
      <Filter>App\Modules\ParticleManager</Filter>
    </ClInclude>
    <ClInclude Include="UI_Progressive_Bar.h">
      <Filter>App\UI\UI_Elements</Filter>
    </ClInclude>
    <ClInclude Include="j1Render.h">
      <Filter>App\Modules\Render</Filter>
    </ClInclude>
    <ClInclude Include="Render_Effects.h">
      <Filter>App\Modules\Render</Filter>
    </ClInclude>
    <ClInclude Include="j1Module.h">
      <Filter>App</Filter>
    </ClInclude>
    <ClInclude Include="j1App.h">
      <Filter>App</Filter>
    </ClInclude>
  </ItemGroup>
  <ItemGroup>
    <Filter Include="_AA_Doc">
      <UniqueIdentifier>{ac7fe660-d1e3-42fc-a186-4a0bd91d659e}</UniqueIdentifier>
    </Filter>
    <Filter Include="App">
      <UniqueIdentifier>{a4224c80-7b67-4475-bbc5-4eaf7b3f7f36}</UniqueIdentifier>
    </Filter>
    <Filter Include="App\Tools">
      <UniqueIdentifier>{42c748be-4a37-49de-970f-5be811d06b38}</UniqueIdentifier>
    </Filter>
    <Filter Include="App\Tools\PuguiXML">
      <UniqueIdentifier>{7cb78d67-17cc-45eb-af97-e2106becce7b}</UniqueIdentifier>
    </Filter>
    <Filter Include="App\Tools\Theora%28Video CODEC lib%29">
      <UniqueIdentifier>{a0daceba-c1f2-47d8-b759-ff6558a38795}</UniqueIdentifier>
    </Filter>
    <Filter Include="App\Tools\Snippets">
      <UniqueIdentifier>{6194d0d5-fc00-447f-b9c1-6a6b14afd0c1}</UniqueIdentifier>
    </Filter>
    <Filter Include="App\UI">
      <UniqueIdentifier>{0f4402cd-a1c7-4a46-bc2c-860ce81aea96}</UniqueIdentifier>
    </Filter>
    <Filter Include="App\UI\UI_Elements">
      <UniqueIdentifier>{284cbc2b-c97f-4e37-9735-d7d07abfd941}</UniqueIdentifier>
    </Filter>
    <Filter Include="App\Scenes">
      <UniqueIdentifier>{e07660eb-d36f-4cc9-af59-324d31c2f2f6}</UniqueIdentifier>
    </Filter>
    <Filter Include="App\Modules">
      <UniqueIdentifier>{244722d1-90ce-423d-8e7a-556211865a32}</UniqueIdentifier>
    </Filter>
    <Filter Include="App\Modules\EntitiesManager">
      <UniqueIdentifier>{c3fdcd08-8ee7-43bb-b863-0a367e721999}</UniqueIdentifier>
    </Filter>
    <Filter Include="App\Modules\ParticleManager">
      <UniqueIdentifier>{de8e6c24-783a-4119-b76e-ae361ac91363}</UniqueIdentifier>
    </Filter>
    <Filter Include="App\Modules\Render">
      <UniqueIdentifier>{92a6eccb-76e2-4959-8075-e338fb62cd96}</UniqueIdentifier>
    </Filter>
    <Filter Include="App\Act_System">
      <UniqueIdentifier>{15659d92-be84-44dd-ae74-16a439078d81}</UniqueIdentifier>
    </Filter>
  </ItemGroup>
  <ItemGroup>
    <None Include="Snippets\CodeShortcuts.snippet">
      <Filter>App\Tools\Snippets</Filter>
    </None>
  </ItemGroup>
  <ItemGroup>
    <Text Include="va_list.txt">
      <Filter>_AA_Doc</Filter>
    </Text>
    <Text Include="function pointer.txt">
      <Filter>_AA_Doc</Filter>
    </Text>
  </ItemGroup>
</Project>